
Microsoft Visual Studio Solution File, Format Version 12.00
# Visual Studio Version 16
VisualStudioVersion = 16.0.29215.179
MinimumVisualStudioVersion = 10.0.40219.1
Project("{FAE04EC0-301F-11D3-BF4B-00C04F79EFBC}") = "MobileClassifierDemo.UWP", "MobileClassifierDemo\MobileClassifierDemo.UWP\MobileClassifierDemo.UWP.csproj", "{74D054E3-BC7B-471E-951C-1E5F89C2F47A}"
EndProject
Project("{FAE04EC0-301F-11D3-BF4B-00C04F79EFBC}") = "MobileClassifierDemo.Android", "MobileClassifierDemo\MobileClassifierDemo.Android\MobileClassifierDemo.Android.csproj", "{F94DD7CC-1DF2-47CE-B01A-12436384ACBE}"
EndProject
Project("{FAE04EC0-301F-11D3-BF4B-00C04F79EFBC}") = "MobileClassifierDemo.iOS", "MobileClassifierDemo\MobileClassifierDemo.iOS\MobileClassifierDemo.iOS.csproj", "{CF17C143-39C1-4896-9AC6-7035D60D2283}"
EndProject
Project("{FAE04EC0-301F-11D3-BF4B-00C04F79EFBC}") = "MobileClassifierDemo", "MobileClassifierDemo\MobileClassifierDemo\MobileClassifierDemo.csproj", "{4D242E81-E200-468A-B7F7-E34C9D3AAC52}"
EndProject
Global
	GlobalSection(SolutionConfigurationPlatforms) = preSolution
		Debug|Any CPU = Debug|Any CPU
		Debug|ARM = Debug|ARM
		Debug|iPhone = Debug|iPhone
		Debug|iPhoneSimulator = Debug|iPhoneSimulator
		Debug|x64 = Debug|x64
		Debug|x86 = Debug|x86
		Release|Any CPU = Release|Any CPU
		Release|ARM = Release|ARM
		Release|iPhone = Release|iPhone
		Release|iPhoneSimulator = Release|iPhoneSimulator
		Release|x64 = Release|x64
		Release|x86 = Release|x86
	EndGlobalSection
	GlobalSection(ProjectConfigurationPlatforms) = postSolution
		{74D054E3-BC7B-471E-951C-1E5F89C2F47A}.Debug|Any CPU.ActiveCfg = Debug|x86
		{74D054E3-BC7B-471E-951C-1E5F89C2F47A}.Debug|Any CPU.Build.0 = Debug|x86
		{74D054E3-BC7B-471E-951C-1E5F89C2F47A}.Debug|Any CPU.Deploy.0 = Debug|x86
		{74D054E3-BC7B-471E-951C-1E5F89C2F47A}.Debug|ARM.ActiveCfg = Debug|ARM
		{74D054E3-BC7B-471E-951C-1E5F89C2F47A}.Debug|ARM.Build.0 = Debug|ARM
		{74D054E3-BC7B-471E-951C-1E5F89C2F47A}.Debug|ARM.Deploy.0 = Debug|ARM
		{74D054E3-BC7B-471E-951C-1E5F89C2F47A}.Debug|iPhone.ActiveCfg = Debug|x86
		{74D054E3-BC7B-471E-951C-1E5F89C2F47A}.Debug|iPhone.Build.0 = Debug|x86
		{74D054E3-BC7B-471E-951C-1E5F89C2F47A}.Debug|iPhone.Deploy.0 = Debug|x86
		{74D054E3-BC7B-471E-951C-1E5F89C2F47A}.Debug|iPhoneSimulator.ActiveCfg = Debug|x86
		{74D054E3-BC7B-471E-951C-1E5F89C2F47A}.Debug|iPhoneSimulator.Build.0 = Debug|x86
		{74D054E3-BC7B-471E-951C-1E5F89C2F47A}.Debug|iPhoneSimulator.Deploy.0 = Debug|x86
		{74D054E3-BC7B-471E-951C-1E5F89C2F47A}.Debug|x64.ActiveCfg = Debug|x64
		{74D054E3-BC7B-471E-951C-1E5F89C2F47A}.Debug|x64.Build.0 = Debug|x64
		{74D054E3-BC7B-471E-951C-1E5F89C2F47A}.Debug|x64.Deploy.0 = Debug|x64
		{74D054E3-BC7B-471E-951C-1E5F89C2F47A}.Debug|x86.ActiveCfg = Debug|x86
		{74D054E3-BC7B-471E-951C-1E5F89C2F47A}.Debug|x86.Build.0 = Debug|x86
		{74D054E3-BC7B-471E-951C-1E5F89C2F47A}.Debug|x86.Deploy.0 = Debug|x86
		{74D054E3-BC7B-471E-951C-1E5F89C2F47A}.Release|Any CPU.ActiveCfg = Release|x86
		{74D054E3-BC7B-471E-951C-1E5F89C2F47A}.Release|Any CPU.Build.0 = Release|x86
		{74D054E3-BC7B-471E-951C-1E5F89C2F47A}.Release|Any CPU.Deploy.0 = Release|x86
		{74D054E3-BC7B-471E-951C-1E5F89C2F47A}.Release|ARM.ActiveCfg = Release|ARM
		{74D054E3-BC7B-471E-951C-1E5F89C2F47A}.Release|ARM.Build.0 = Release|ARM
		{74D054E3-BC7B-471E-951C-1E5F89C2F47A}.Release|ARM.Deploy.0 = Release|ARM
		{74D054E3-BC7B-471E-951C-1E5F89C2F47A}.Release|iPhone.ActiveCfg = Release|x86
		{74D054E3-BC7B-471E-951C-1E5F89C2F47A}.Release|iPhone.Build.0 = Release|x86
		{74D054E3-BC7B-471E-951C-1E5F89C2F47A}.Release|iPhone.Deploy.0 = Release|x86
		{74D054E3-BC7B-471E-951C-1E5F89C2F47A}.Release|iPhoneSimulator.ActiveCfg = Release|x86
		{74D054E3-BC7B-471E-951C-1E5F89C2F47A}.Release|iPhoneSimulator.Build.0 = Release|x86
		{74D054E3-BC7B-471E-951C-1E5F89C2F47A}.Release|iPhoneSimulator.Deploy.0 = Release|x86
		{74D054E3-BC7B-471E-951C-1E5F89C2F47A}.Release|x64.ActiveCfg = Release|x64
		{74D054E3-BC7B-471E-951C-1E5F89C2F47A}.Release|x64.Build.0 = Release|x64
		{74D054E3-BC7B-471E-951C-1E5F89C2F47A}.Release|x64.Deploy.0 = Release|x64
		{74D054E3-BC7B-471E-951C-1E5F89C2F47A}.Release|x86.ActiveCfg = Release|x86
		{74D054E3-BC7B-471E-951C-1E5F89C2F47A}.Release|x86.Build.0 = Release|x86
		{74D054E3-BC7B-471E-951C-1E5F89C2F47A}.Release|x86.Deploy.0 = Release|x86
		{F94DD7CC-1DF2-47CE-B01A-12436384ACBE}.Debug|Any CPU.ActiveCfg = Debug|Any CPU
		{F94DD7CC-1DF2-47CE-B01A-12436384ACBE}.Debug|Any CPU.Build.0 = Debug|Any CPU
		{F94DD7CC-1DF2-47CE-B01A-12436384ACBE}.Debug|Any CPU.Deploy.0 = Debug|Any CPU
		{F94DD7CC-1DF2-47CE-B01A-12436384ACBE}.Debug|ARM.ActiveCfg = Debug|Any CPU
		{F94DD7CC-1DF2-47CE-B01A-12436384ACBE}.Debug|ARM.Build.0 = Debug|Any CPU
		{F94DD7CC-1DF2-47CE-B01A-12436384ACBE}.Debug|ARM.Deploy.0 = Debug|Any CPU
		{F94DD7CC-1DF2-47CE-B01A-12436384ACBE}.Debug|iPhone.ActiveCfg = Debug|Any CPU
		{F94DD7CC-1DF2-47CE-B01A-12436384ACBE}.Debug|iPhone.Build.0 = Debug|Any CPU
		{F94DD7CC-1DF2-47CE-B01A-12436384ACBE}.Debug|iPhone.Deploy.0 = Debug|Any CPU
		{F94DD7CC-1DF2-47CE-B01A-12436384ACBE}.Debug|iPhoneSimulator.ActiveCfg = Debug|Any CPU
		{F94DD7CC-1DF2-47CE-B01A-12436384ACBE}.Debug|iPhoneSimulator.Build.0 = Debug|Any CPU
		{F94DD7CC-1DF2-47CE-B01A-12436384ACBE}.Debug|iPhoneSimulator.Deploy.0 = Debug|Any CPU
		{F94DD7CC-1DF2-47CE-B01A-12436384ACBE}.Debug|x64.ActiveCfg = Debug|Any CPU
		{F94DD7CC-1DF2-47CE-B01A-12436384ACBE}.Debug|x64.Build.0 = Debug|Any CPU
		{F94DD7CC-1DF2-47CE-B01A-12436384ACBE}.Debug|x64.Deploy.0 = Debug|Any CPU
		{F94DD7CC-1DF2-47CE-B01A-12436384ACBE}.Debug|x86.ActiveCfg = Debug|Any CPU
		{F94DD7CC-1DF2-47CE-B01A-12436384ACBE}.Debug|x86.Build.0 = Debug|Any CPU
		{F94DD7CC-1DF2-47CE-B01A-12436384ACBE}.Debug|x86.Deploy.0 = Debug|Any CPU
		{F94DD7CC-1DF2-47CE-B01A-12436384ACBE}.Release|Any CPU.ActiveCfg = Release|Any CPU
		{F94DD7CC-1DF2-47CE-B01A-12436384ACBE}.Release|Any CPU.Build.0 = Release|Any CPU
		{F94DD7CC-1DF2-47CE-B01A-12436384ACBE}.Release|Any CPU.Deploy.0 = Release|Any CPU
		{F94DD7CC-1DF2-47CE-B01A-12436384ACBE}.Release|ARM.ActiveCfg = Release|Any CPU
		{F94DD7CC-1DF2-47CE-B01A-12436384ACBE}.Release|ARM.Build.0 = Release|Any CPU
		{F94DD7CC-1DF2-47CE-B01A-12436384ACBE}.Release|ARM.Deploy.0 = Release|Any CPU
		{F94DD7CC-1DF2-47CE-B01A-12436384ACBE}.Release|iPhone.ActiveCfg = Release|Any CPU
		{F94DD7CC-1DF2-47CE-B01A-12436384ACBE}.Release|iPhone.Build.0 = Release|Any CPU
		{F94DD7CC-1DF2-47CE-B01A-12436384ACBE}.Release|iPhone.Deploy.0 = Release|Any CPU
		{F94DD7CC-1DF2-47CE-B01A-12436384ACBE}.Release|iPhoneSimulator.ActiveCfg = Release|Any CPU
		{F94DD7CC-1DF2-47CE-B01A-12436384ACBE}.Release|iPhoneSimulator.Build.0 = Release|Any CPU
		{F94DD7CC-1DF2-47CE-B01A-12436384ACBE}.Release|iPhoneSimulator.Deploy.0 = Release|Any CPU
		{F94DD7CC-1DF2-47CE-B01A-12436384ACBE}.Release|x64.ActiveCfg = Release|Any CPU
		{F94DD7CC-1DF2-47CE-B01A-12436384ACBE}.Release|x64.Build.0 = Release|Any CPU
		{F94DD7CC-1DF2-47CE-B01A-12436384ACBE}.Release|x64.Deploy.0 = Release|Any CPU
		{F94DD7CC-1DF2-47CE-B01A-12436384ACBE}.Release|x86.ActiveCfg = Release|Any CPU
		{F94DD7CC-1DF2-47CE-B01A-12436384ACBE}.Release|x86.Build.0 = Release|Any CPU
		{F94DD7CC-1DF2-47CE-B01A-12436384ACBE}.Release|x86.Deploy.0 = Release|Any CPU
		{CF17C143-39C1-4896-9AC6-7035D60D2283}.Debug|Any CPU.ActiveCfg = Debug|iPhone
		{CF17C143-39C1-4896-9AC6-7035D60D2283}.Debug|Any CPU.Build.0 = Debug|iPhone
		{CF17C143-39C1-4896-9AC6-7035D60D2283}.Debug|Any CPU.Deploy.0 = Debug|iPhone
		{CF17C143-39C1-4896-9AC6-7035D60D2283}.Debug|ARM.ActiveCfg = Debug|iPhoneSimulator
		{CF17C143-39C1-4896-9AC6-7035D60D2283}.Debug|ARM.Build.0 = Debug|iPhoneSimulator
		{CF17C143-39C1-4896-9AC6-7035D60D2283}.Debug|ARM.Deploy.0 = Debug|iPhoneSimulator
		{CF17C143-39C1-4896-9AC6-7035D60D2283}.Debug|iPhone.ActiveCfg = Debug|iPhone
		{CF17C143-39C1-4896-9AC6-7035D60D2283}.Debug|iPhone.Build.0 = Debug|iPhone
		{CF17C143-39C1-4896-9AC6-7035D60D2283}.Debug|iPhone.Deploy.0 = Debug|iPhone
		{CF17C143-39C1-4896-9AC6-7035D60D2283}.Debug|iPhoneSimulator.ActiveCfg = Debug|iPhoneSimulator
		{CF17C143-39C1-4896-9AC6-7035D60D2283}.Debug|iPhoneSimulator.Build.0 = Debug|iPhoneSimulator
		{CF17C143-39C1-4896-9AC6-7035D60D2283}.Debug|iPhoneSimulator.Deploy.0 = Debug|iPhoneSimulator
		{CF17C143-39C1-4896-9AC6-7035D60D2283}.Debug|x64.ActiveCfg = Debug|iPhone
		{CF17C143-39C1-4896-9AC6-7035D60D2283}.Debug|x64.Build.0 = Debug|iPhone
		{CF17C143-39C1-4896-9AC6-7035D60D2283}.Debug|x64.Deploy.0 = Debug|iPhone
		{CF17C143-39C1-4896-9AC6-7035D60D2283}.Debug|x86.ActiveCfg = Debug|iPhone
		{CF17C143-39C1-4896-9AC6-7035D60D2283}.Debug|x86.Build.0 = Debug|iPhone
		{CF17C143-39C1-4896-9AC6-7035D60D2283}.Debug|x86.Deploy.0 = Debug|iPhone
		{CF17C143-39C1-4896-9AC6-7035D60D2283}.Release|Any CPU.ActiveCfg = Release|iPhone
		{CF17C143-39C1-4896-9AC6-7035D60D2283}.Release|Any CPU.Build.0 = Release|iPhone
		{CF17C143-39C1-4896-9AC6-7035D60D2283}.Release|Any CPU.Deploy.0 = Release|iPhone
		{CF17C143-39C1-4896-9AC6-7035D60D2283}.Release|ARM.ActiveCfg = Release|iPhone
		{CF17C143-39C1-4896-9AC6-7035D60D2283}.Release|ARM.Build.0 = Release|iPhone
		{CF17C143-39C1-4896-9AC6-7035D60D2283}.Release|ARM.Deploy.0 = Release|iPhone
		{CF17C143-39C1-4896-9AC6-7035D60D2283}.Release|iPhone.ActiveCfg = Release|iPhone
		{CF17C143-39C1-4896-9AC6-7035D60D2283}.Release|iPhone.Build.0 = Release|iPhone
		{CF17C143-39C1-4896-9AC6-7035D60D2283}.Release|iPhone.Deploy.0 = Release|iPhone
		{CF17C143-39C1-4896-9AC6-7035D60D2283}.Release|iPhoneSimulator.ActiveCfg = Release|iPhoneSimulator
		{CF17C143-39C1-4896-9AC6-7035D60D2283}.Release|iPhoneSimulator.Build.0 = Release|iPhoneSimulator
		{CF17C143-39C1-4896-9AC6-7035D60D2283}.Release|iPhoneSimulator.Deploy.0 = Release|iPhoneSimulator
		{CF17C143-39C1-4896-9AC6-7035D60D2283}.Release|x64.ActiveCfg = Release|iPhone
		{CF17C143-39C1-4896-9AC6-7035D60D2283}.Release|x64.Build.0 = Release|iPhone
		{CF17C143-39C1-4896-9AC6-7035D60D2283}.Release|x64.Deploy.0 = Release|iPhone
		{CF17C143-39C1-4896-9AC6-7035D60D2283}.Release|x86.ActiveCfg = Release|iPhone
		{CF17C143-39C1-4896-9AC6-7035D60D2283}.Release|x86.Build.0 = Release|iPhone
		{CF17C143-39C1-4896-9AC6-7035D60D2283}.Release|x86.Deploy.0 = Release|iPhone
		{4D242E81-E200-468A-B7F7-E34C9D3AAC52}.Debug|Any CPU.ActiveCfg = Debug|Any CPU
		{4D242E81-E200-468A-B7F7-E34C9D3AAC52}.Debug|Any CPU.Build.0 = Debug|Any CPU
		{4D242E81-E200-468A-B7F7-E34C9D3AAC52}.Debug|Any CPU.Deploy.0 = Debug|Any CPU
		{4D242E81-E200-468A-B7F7-E34C9D3AAC52}.Debug|ARM.ActiveCfg = Debug|Any CPU
		{4D242E81-E200-468A-B7F7-E34C9D3AAC52}.Debug|ARM.Build.0 = Debug|Any CPU
		{4D242E81-E200-468A-B7F7-E34C9D3AAC52}.Debug|ARM.Deploy.0 = Debug|Any CPU
		{4D242E81-E200-468A-B7F7-E34C9D3AAC52}.Debug|iPhone.ActiveCfg = Debug|Any CPU
		{4D242E81-E200-468A-B7F7-E34C9D3AAC52}.Debug|iPhone.Build.0 = Debug|Any CPU
		{4D242E81-E200-468A-B7F7-E34C9D3AAC52}.Debug|iPhone.Deploy.0 = Debug|Any CPU
		{4D242E81-E200-468A-B7F7-E34C9D3AAC52}.Debug|iPhoneSimulator.ActiveCfg = Debug|Any CPU
		{4D242E81-E200-468A-B7F7-E34C9D3AAC52}.Debug|iPhoneSimulator.Build.0 = Debug|Any CPU
		{4D242E81-E200-468A-B7F7-E34C9D3AAC52}.Debug|iPhoneSimulator.Deploy.0 = Debug|Any CPU
		{4D242E81-E200-468A-B7F7-E34C9D3AAC52}.Debug|x64.ActiveCfg = Debug|Any CPU
		{4D242E81-E200-468A-B7F7-E34C9D3AAC52}.Debug|x64.Build.0 = Debug|Any CPU
		{4D242E81-E200-468A-B7F7-E34C9D3AAC52}.Debug|x64.Deploy.0 = Debug|Any CPU
		{4D242E81-E200-468A-B7F7-E34C9D3AAC52}.Debug|x86.ActiveCfg = Debug|Any CPU
		{4D242E81-E200-468A-B7F7-E34C9D3AAC52}.Debug|x86.Build.0 = Debug|Any CPU
		{4D242E81-E200-468A-B7F7-E34C9D3AAC52}.Debug|x86.Deploy.0 = Debug|Any CPU
		{4D242E81-E200-468A-B7F7-E34C9D3AAC52}.Release|Any CPU.ActiveCfg = Release|Any CPU
		{4D242E81-E200-468A-B7F7-E34C9D3AAC52}.Release|Any CPU.Build.0 = Release|Any CPU
		{4D242E81-E200-468A-B7F7-E34C9D3AAC52}.Release|Any CPU.Deploy.0 = Release|Any CPU
		{4D242E81-E200-468A-B7F7-E34C9D3AAC52}.Release|ARM.ActiveCfg = Release|Any CPU
		{4D242E81-E200-468A-B7F7-E34C9D3AAC52}.Release|ARM.Build.0 = Release|Any CPU
		{4D242E81-E200-468A-B7F7-E34C9D3AAC52}.Release|ARM.Deploy.0 = Release|Any CPU
		{4D242E81-E200-468A-B7F7-E34C9D3AAC52}.Release|iPhone.ActiveCfg = Release|Any CPU
		{4D242E81-E200-468A-B7F7-E34C9D3AAC52}.Release|iPhone.Build.0 = Release|Any CPU
		{4D242E81-E200-468A-B7F7-E34C9D3AAC52}.Release|iPhone.Deploy.0 = Release|Any CPU
		{4D242E81-E200-468A-B7F7-E34C9D3AAC52}.Release|iPhoneSimulator.ActiveCfg = Release|Any CPU
		{4D242E81-E200-468A-B7F7-E34C9D3AAC52}.Release|iPhoneSimulator.Build.0 = Release|Any CPU
		{4D242E81-E200-468A-B7F7-E34C9D3AAC52}.Release|iPhoneSimulator.Deploy.0 = Release|Any CPU
		{4D242E81-E200-468A-B7F7-E34C9D3AAC52}.Release|x64.ActiveCfg = Release|Any CPU
		{4D242E81-E200-468A-B7F7-E34C9D3AAC52}.Release|x64.Build.0 = Release|Any CPU
		{4D242E81-E200-468A-B7F7-E34C9D3AAC52}.Release|x64.Deploy.0 = Release|Any CPU
		{4D242E81-E200-468A-B7F7-E34C9D3AAC52}.Release|x86.ActiveCfg = Release|Any CPU
		{4D242E81-E200-468A-B7F7-E34C9D3AAC52}.Release|x86.Build.0 = Release|Any CPU
		{4D242E81-E200-468A-B7F7-E34C9D3AAC52}.Release|x86.Deploy.0 = Release|Any CPU
	EndGlobalSection
	GlobalSection(SolutionProperties) = preSolution
		HideSolutionNode = FALSE
	EndGlobalSection
	GlobalSection(ExtensibilityGlobals) = postSolution
		SolutionGuid = {EE34F57A-96D9-4F8C-8950-E6F1AE86AEA2}
	EndGlobalSection
EndGlobal
